<?xml version="1.0" encoding="UTF-8" standalone="yes" ?>
<CodeBlocks_project_file>
	<FileVersion major="1" minor="6" />
	<Project>
		<Option title="PSS48" />
		<Option pch_mode="2" />
		<Option compiler="gcc" />
		<Build>
			<Target title="Debug">
				<Option output="bin/Debug/PSS48" prefix_auto="1" extension_auto="1" />
				<Option object_output="obj/Debug/" />
				<Option type="1" />
				<Option compiler="gcc" />
				<Compiler>
					<Add option="-g" />
					<Add directory="include" />
				</Compiler>
			</Target>
			<Target title="Release">
				<Option output="bin/Release/PSS48" prefix_auto="1" extension_auto="1" />
				<Option object_output="obj/Release/" />
				<Option type="1" />
				<Option compiler="gcc" />
				<Compiler>
					<Add option="-O2" />
					<Add directory="include" />
				</Compiler>
				<Linker>
					<Add option="-s" />
				</Linker>
			</Target>
		</Build>
		<Compiler>
			<Add option="-Wall" />
			<Add option="-fexceptions" />
		</Compiler>
		<Unit filename="Flow48Color.txt" />
		<Unit filename="Modbus/ModbusRTU.cpp" />
		<Unit filename="Modbus/ModbusRTU.h" />
		<Unit filename="Modbus/errno-base.h" />
		<Unit filename="Modbus/modbus.cpp" />
		<Unit filename="Modbus/modbus.h" />
		<Unit filename="include/Alarm.h" />
		<Unit filename="include/AlarmWindow.h" />
		<Unit filename="include/Buzzer.h" />
		<Unit filename="include/Configuration.h" />
		<Unit filename="include/Crc.h" />
		<Unit filename="include/DM134.h" />
		<Unit filename="include/DataBase.h" />
		<Unit filename="include/DataStore.h" />
		<Unit filename="include/DataTypes.h" />
		<Unit filename="include/Dfa.h" />
		<Unit filename="include/Dm163.h" />
		<Unit filename="include/Driver.h" />
		<Unit filename="include/Event.h" />
		<Unit filename="include/HammingCodes.h" />
		<Unit filename="include/InputDevice.h" />
		<Unit filename="include/LightBoard.h" />
		<Unit filename="include/LinkControl.h" />
		<Unit filename="include/ModuleMrXX.h" />
		<Unit filename="include/Mvsn21.h" />
		<Unit filename="include/NotifyerControl.h" />
		<Unit filename="include/Pixel.h" />
		<Unit filename="include/Platform.h" />
		<Unit filename="include/Pss21.h" />
		<Unit filename="include/Task.h" />
		<Unit filename="include/Timer.h" />
		<Unit filename="src/Alarm.cpp" />
		<Unit filename="src/AlarmWindow.cpp" />
		<Unit filename="src/Buzzer.cpp" />
		<Unit filename="src/Crc.cpp" />
		<Unit filename="src/DM134.cpp" />
		<Unit filename="src/DataBase.cpp" />
		<Unit filename="src/DataStore.cpp" />
		<Unit filename="src/Dfa.cpp" />
		<Unit filename="src/Dm163.cpp" />
		<Unit filename="src/Driver.cpp" />
		<Unit filename="src/Event.cpp" />
		<Unit filename="src/HammingCodes.cpp" />
		<Unit filename="src/InputDevice.cpp" />
		<Unit filename="src/LightBoard.cpp" />
		<Unit filename="src/LinkControl.cpp" />
		<Unit filename="src/ModuleMrXX.cpp" />
		<Unit filename="src/Mvsn21.cpp" />
		<Unit filename="src/NotifyerControl.cpp" />
		<Unit filename="src/Pixel.cpp" />
		<Unit filename="src/Platform.cpp" />
		<Unit filename="src/Pss21.cpp" />
		<Unit filename="src/Task.cpp" />
		<Unit filename="src/Timer.cpp" />
		<Unit filename="src/main.cpp" />
		<Extensions>
			<DoxyBlocks>
				<comment_style block="0" line="0" />
				<doxyfile_project />
				<doxyfile_build />
				<doxyfile_warnings />
				<doxyfile_output />
				<doxyfile_dot />
				<general />
			</DoxyBlocks>
			<wxsmith version="1">
				<gui name="wxWidgets" src="" main="" init_handlers="necessary" language="CPP" />
			</wxsmith>
		</Extensions>
	</Project>
</CodeBlocks_project_file>
